
Microsoft Visual Studio Solution File, Format Version 12.00
# Visual Studio 2012
Project("{FAE04EC0-301F-11D3-BF4B-00C04F79EFBC}") = "SteerRentMVC", "SteerRentMVC\SteerRentMVC.csproj", "{863B9CC7-B565-4645-9A9A-4D8E22916790}"
EndProject
Project("{FAE04EC0-301F-11D3-BF4B-00C04F79EFBC}") = "SteerRent.BAL", "SteerRent.BAL\SteerRent.BAL.csproj", "{D52C16CD-4E1C-4CAD-9771-FE30540A8ED2}"
EndProject
Project("{FAE04EC0-301F-11D3-BF4B-00C04F79EFBC}") = "SteerRent.DAL", "SteerRent.DAL\SteerRent.DAL.csproj", "{9DA5FF09-360E-41CC-9E58-752C4D1C7AEB}"
EndProject
Project("{FAE04EC0-301F-11D3-BF4B-00C04F79EFBC}") = "SteerRent.ExceptionManagement", "SteerRent.ExceptionManagement\SteerRent.ExceptionManagement.csproj", "{7BA94239-0547-4781-8A03-16832073AFFC}"
EndProject
Project("{FAE04EC0-301F-11D3-BF4B-00C04F79EFBC}") = "SteerRent.Logging", "SteerRent.Logging\SteerRent.Logging.csproj", "{3CE06968-0B3C-4287-950B-A9E7370DE45F}"
EndProject
Project("{FAE04EC0-301F-11D3-BF4B-00C04F79EFBC}") = "SteerRent.Model", "SteerRent.Model\SteerRent.Model.csproj", "{418AA8BF-4FE7-4F63-96A6-6B4C802F80AE}"
EndProject
Global
	GlobalSection(SolutionConfigurationPlatforms) = preSolution
		Debug|Any CPU = Debug|Any CPU
		Release|Any CPU = Release|Any CPU
	EndGlobalSection
	GlobalSection(ProjectConfigurationPlatforms) = postSolution
		{863B9CC7-B565-4645-9A9A-4D8E22916790}.Debug|Any CPU.ActiveCfg = Debug|Any CPU
		{863B9CC7-B565-4645-9A9A-4D8E22916790}.Debug|Any CPU.Build.0 = Debug|Any CPU
		{863B9CC7-B565-4645-9A9A-4D8E22916790}.Release|Any CPU.ActiveCfg = Release|Any CPU
		{863B9CC7-B565-4645-9A9A-4D8E22916790}.Release|Any CPU.Build.0 = Release|Any CPU
		{D52C16CD-4E1C-4CAD-9771-FE30540A8ED2}.Debug|Any CPU.ActiveCfg = Debug|Any CPU
		{D52C16CD-4E1C-4CAD-9771-FE30540A8ED2}.Debug|Any CPU.Build.0 = Debug|Any CPU
		{D52C16CD-4E1C-4CAD-9771-FE30540A8ED2}.Release|Any CPU.ActiveCfg = Release|Any CPU
		{D52C16CD-4E1C-4CAD-9771-FE30540A8ED2}.Release|Any CPU.Build.0 = Release|Any CPU
		{9DA5FF09-360E-41CC-9E58-752C4D1C7AEB}.Debug|Any CPU.ActiveCfg = Debug|Any CPU
		{9DA5FF09-360E-41CC-9E58-752C4D1C7AEB}.Debug|Any CPU.Build.0 = Debug|Any CPU
		{9DA5FF09-360E-41CC-9E58-752C4D1C7AEB}.Release|Any CPU.ActiveCfg = Release|Any CPU
		{9DA5FF09-360E-41CC-9E58-752C4D1C7AEB}.Release|Any CPU.Build.0 = Release|Any CPU
		{7BA94239-0547-4781-8A03-16832073AFFC}.Debug|Any CPU.ActiveCfg = Debug|Any CPU
		{7BA94239-0547-4781-8A03-16832073AFFC}.Debug|Any CPU.Build.0 = Debug|Any CPU
		{7BA94239-0547-4781-8A03-16832073AFFC}.Release|Any CPU.ActiveCfg = Release|Any CPU
		{7BA94239-0547-4781-8A03-16832073AFFC}.Release|Any CPU.Build.0 = Release|Any CPU
		{3CE06968-0B3C-4287-950B-A9E7370DE45F}.Debug|Any CPU.ActiveCfg = Debug|Any CPU
		{3CE06968-0B3C-4287-950B-A9E7370DE45F}.Debug|Any CPU.Build.0 = Debug|Any CPU
		{3CE06968-0B3C-4287-950B-A9E7370DE45F}.Release|Any CPU.ActiveCfg = Release|Any CPU
		{3CE06968-0B3C-4287-950B-A9E7370DE45F}.Release|Any CPU.Build.0 = Release|Any CPU
		{418AA8BF-4FE7-4F63-96A6-6B4C802F80AE}.Debug|Any CPU.ActiveCfg = Debug|Any CPU
		{418AA8BF-4FE7-4F63-96A6-6B4C802F80AE}.Debug|Any CPU.Build.0 = Debug|Any CPU
		{418AA8BF-4FE7-4F63-96A6-6B4C802F80AE}.Release|Any CPU.ActiveCfg = Release|Any CPU
		{418AA8BF-4FE7-4F63-96A6-6B4C802F80AE}.Release|Any CPU.Build.0 = Release|Any CPU
	EndGlobalSection
	GlobalSection(SolutionProperties) = preSolution
		HideSolutionNode = FALSE
	EndGlobalSection
EndGlobal
